github.com/alecthomas/assert/v2 v2.11.0 h1:2Q9r3ki8+JYXvGsDyBXwH3LcJ+WK5D0gc5E8vS6K3D0=
github.com/alecthomas/assert/v2 v2.11.0/go.mod h1:Bze95FyfUr7x34QZrjL+XP+0qgp/zg8yS+TtBj1WA3k=
github.com/alecthomas/chroma/v2 v2.16.0 h1:QC5ZMizk67+HzxFDjQ4ASjni5kWBTGiigRG1u23IGvA=
github.com/alecthomas/chroma/v2 v2.16.0/go.mod h1:RVX6AvYm4VfYe/zsk7mjHueLDZor3aWCNE14TFlepBk=
github.com/alecthomas/repr v0.4.0 h1:GhI2A8MACjfegCPVq9f1FLvIBS+DrQ2KQBFZP1iFzXc=
github.com/alecthomas/repr v0.4.0/go.mod h1:Fr0507jx4eOXV7AlPV6AVZLYrLIuIeSOWtW57eE/O/4=
github.com/davecgh/go-spew v1.1.1 h1:vj9j/u1bqnvCEfJOwUhtlOARqs3+rkHYY13jYWTU97c=
github.com/davecgh/go-spew v1.1.1/go.mod h1:J7Y8YcW2NihsgmVo/mv3lAwl/skON4iLHjSsI+c5H38=
github.com/dlclark/regexp2 v1.11.5 h1:Q/sSnsKerHeCkc/jSTNq1oCm7KiVgUMZRDUoRu0JQZQ=
github.com/dlclark/regexp2 v1.11.5/go.mod h1:DHkYz0B9wPfa6wondMfaivmHpzrQ3v9q8cnmRbL6yW8=
github.com/goliatone/go-masker v0.1.0 h1:YiNxBRC7AXpGKtUlXIoU4oj3DUfE+M2fvcDRyYC4Tt4=
github.com/goliatone/go-masker v0.1.0/go.mod h1:n+AV93IO1rNI35kjbjfV1gMkjuIOSDVEzfhABTlCf4U=
github.com/google/go-cmp v0.5.9 h1:O2Tfq5qg4qc4AmwVlvv0oLiVAGB7enBSJ2x2DqQFi38=
github.com/google/go-cmp v0.5.9/go.mod h1:17dUlkBOakJ0+DkrSSNjCkIjxS6bF9zb3elmeNGIjoY=
github.com/hexops/gotextdiff v1.0.3 h1:gitA9+qJrrTCsiCl7+kh75nPqQt1cx4ZkudSTLoUqJM=
github.com/hexops/gotextdiff v1.0.3/go.mod h1:pSWU5MAI3yDq+fZBTazCSJysOMbxWL1BSow5/V2vxeg=
github.com/pmezard/go-difflib v1.0.0 h1:4DBwDE0NGyQoBHbLQYPwSUPoCMWR5BEzIk/f1lZbAQM=
github.com/pmezard/go-difflib v1.0.0/go.mod h1:iKH77koFhYxTK1pcRnkKkqfTogsbg7gZNVY4sRDYZ/4=
github.com/showa-93/go-mask v0.6.2 h1:sJEUQRpbxUoMTfBKey5K9hCg+eSx5KIAZFT7pa1LXbM=
github.com/showa-93/go-mask v0.6.2/go.mod h1:aswIj007gm0EPAzOGES9ACy1jDm3QT08/LPSClMp410=
github.com/stretchr/testify v1.8.2 h1:+h33VjcLVPDHtOdpUCuF+7gSuG3yGIftsP1YvFihtJ8=
github.com/stretchr/testify v1.8.2/go.mod h1:w2LPCIKwWwSfY2zedu0+kehJoqGctiVI29o6fzry7u4=
golang.org/x/oauth2 v0.28.0 h1:CrgCKl8PPAVtLnU3c+EDw6x11699EWlsDeWNWKdIOkc=
golang.org/x/oauth2 v0.28.0/go.mod h1:onh5ek6nERTohokkhCD/y2cV4Do3fxFHFuAejCkRWT8=
gopkg.in/yaml.v3 v3.0.1 h1:fxVm/GzAzEWqLHuvctI91KS9hhNmmWOoWu0XTYJS7CA=
gopkg.in/yaml.v3 v3.0.1/go.mod h1:K4uyk7z7BCEPqu6E+C64Yfv1cQ7kz7rIZviUmN+EgEM=
